Microsoft Visual Studio Solution File, Format Version 12.00
# Visual Studio Version 16
VisualStudioVersion = 16.0.29920.165
MinimumVisualStudioVersion = 15.0.26124.0
Project("{D954291E-2A0B-460D-934E-DC6B0785DB48}") = "Spotcheckr.Shared", "Spotcheckr.Shared\Spotcheckr.Shared.shproj", "{6279C845-92F8-4333-AB99-3D213163593C}"
EndProject
Project("{FAE04EC0-301F-11D3-BF4B-00C04F79EFBC}") = "Spotcheckr.Droid", "Spotcheckr.Droid\Spotcheckr.Droid.csproj", "{221B489A-534F-4C67-85FF-916A224EB6C7}"
EndProject
Project("{FAE04EC0-301F-11D3-BF4B-00C04F79EFBC}") = "Spotcheckr.iOS", "Spotcheckr.iOS\Spotcheckr.iOS.csproj", "{77F14AD6-7947-4FF1-B8D6-B040DB9DD7C5}"
EndProject
Project("{FAE04EC0-301F-11D3-BF4B-00C04F79EFBC}") = "Spotcheckr.Uwp", "Spotcheckr.UWP\Spotcheckr.Uwp.csproj", "{F4624356-6102-40E9-839F-CA061EF7A602}"
EndProject
Project("{9A19103F-16F7-4668-BE54-9A1E7A4F7556}") = "Spotcheckr.Wasm", "Spotcheckr.Wasm\Spotcheckr.Wasm.csproj", "{40EA03F7-8A22-4143-B251-79BAC3EB13D2}"
EndProject
Project("{FAE04EC0-301F-11D3-BF4B-00C04F79EFBC}") = "Spotcheckr.macOS", "Spotcheckr.macOS\Spotcheckr.macOS.csproj", "{469442F1-0044-4023-8269-82C5A4EBB61A}"
EndProject
Project("{2150E333-8FDC-42A3-9474-1A3956D46DE8}") = "Solution Items", "Solution Items", "{B7DAD7EE-C1EB-4317-AB78-0D87AB7706BD}"
	ProjectSection(SolutionItems) = preProject
		.editorconfig = .editorconfig
	EndProjectSection
EndProject
Project("{FAE04EC0-301F-11D3-BF4B-00C04F79EFBC}") = "Spotcheckr.UITests", "Spotcheckr.UITests\Spotcheckr.UITests.csproj", "{7983D152-3CEC-47FF-A806-AC4502898C9A}"
EndProject
Global
	GlobalSection(SharedMSBuildProjectFiles) = preSolution
		Spotcheckr.Shared\Spotcheckr.Shared.projitems*{221b489a-534f-4c67-85ff-916a224eb6c7}*SharedItemsImports = 4
		Spotcheckr.Shared\Spotcheckr.Shared.projitems*{40ea03f7-8a22-4143-b251-79bac3eb13d2}*SharedItemsImports = 5
		Spotcheckr.Shared\Spotcheckr.Shared.projitems*{469442f1-0044-4023-8269-82c5a4ebb61a}*SharedItemsImports = 4
		Spotcheckr.Shared\Spotcheckr.Shared.projitems*{6279c845-92f8-4333-ab99-3d213163593c}*SharedItemsImports = 13
		Spotcheckr.Shared\Spotcheckr.Shared.projitems*{77f14ad6-7947-4ff1-b8d6-b040db9dd7c5}*SharedItemsImports = 4
		Spotcheckr.Shared\Spotcheckr.Shared.projitems*{f4624356-6102-40e9-839f-ca061ef7a602}*SharedItemsImports = 4
	EndGlobalSection
	GlobalSection(SolutionConfigurationPlatforms) = preSolution
		Debug|Any CPU = Debug|Any CPU
		Debug|ARM = Debug|ARM
		Debug|ARM64 = Debug|ARM64
		Debug|iPhone = Debug|iPhone
		Debug|iPhoneSimulator = Debug|iPhoneSimulator
		Debug|x64 = Debug|x64
		Debug|x86 = Debug|x86
		Release|Any CPU = Release|Any CPU
		Release|ARM = Release|ARM
		Release|ARM64 = Release|ARM64
		Release|iPhone = Release|iPhone
		Release|iPhoneSimulator = Release|iPhoneSimulator
		Release|x64 = Release|x64
		Release|x86 = Release|x86
	EndGlobalSection
	GlobalSection(ProjectConfigurationPlatforms) = postSolution
		{221B489A-534F-4C67-85FF-916A224EB6C7}.Debug|Any CPU.ActiveCfg = Debug|Any CPU
		{221B489A-534F-4C67-85FF-916A224EB6C7}.Debug|Any CPU.Build.0 = Debug|Any CPU
		{221B489A-534F-4C67-85FF-916A224EB6C7}.Debug|Any CPU.Deploy.0 = Debug|Any CPU
		{221B489A-534F-4C67-85FF-916A224EB6C7}.Debug|ARM.ActiveCfg = Debug|Any CPU
		{221B489A-534F-4C67-85FF-916A224EB6C7}.Debug|ARM.Build.0 = Debug|Any CPU
		{221B489A-534F-4C67-85FF-916A224EB6C7}.Debug|ARM.Deploy.0 = Debug|Any CPU
		{221B489A-534F-4C67-85FF-916A224EB6C7}.Debug|ARM64.ActiveCfg = Debug|Any CPU
		{221B489A-534F-4C67-85FF-916A224EB6C7}.Debug|ARM64.Build.0 = Debug|Any CPU
		{221B489A-534F-4C67-85FF-916A224EB6C7}.Debug|ARM64.Deploy.0 = Debug|Any CPU
		{221B489A-534F-4C67-85FF-916A224EB6C7}.Debug|iPhone.ActiveCfg = Debug|Any CPU
		{221B489A-534F-4C67-85FF-916A224EB6C7}.Debug|iPhone.Build.0 = Debug|Any CPU
		{221B489A-534F-4C67-85FF-916A224EB6C7}.Debug|iPhone.Deploy.0 = Debug|Any CPU
		{221B489A-534F-4C67-85FF-916A224EB6C7}.Debug|iPhoneSimulator.ActiveCfg = Debug|Any CPU
		{221B489A-534F-4C67-85FF-916A224EB6C7}.Debug|iPhoneSimulator.Build.0 = Debug|Any CPU
		{221B489A-534F-4C67-85FF-916A224EB6C7}.Debug|iPhoneSimulator.Deploy.0 = Debug|Any CPU
		{221B489A-534F-4C67-85FF-916A224EB6C7}.Debug|x64.ActiveCfg = Debug|Any CPU
		{221B489A-534F-4C67-85FF-916A224EB6C7}.Debug|x64.Build.0 = Debug|Any CPU
		{221B489A-534F-4C67-85FF-916A224EB6C7}.Debug|x64.Deploy.0 = Debug|Any CPU
		{221B489A-534F-4C67-85FF-916A224EB6C7}.Debug|x86.ActiveCfg = Debug|Any CPU
		{221B489A-534F-4C67-85FF-916A224EB6C7}.Debug|x86.Build.0 = Debug|Any CPU
		{221B489A-534F-4C67-85FF-916A224EB6C7}.Debug|x86.Deploy.0 = Debug|Any CPU
		{221B489A-534F-4C67-85FF-916A224EB6C7}.Release|Any CPU.ActiveCfg = Release|Any CPU
		{221B489A-534F-4C67-85FF-916A224EB6C7}.Release|Any CPU.Build.0 = Release|Any CPU
		{221B489A-534F-4C67-85FF-916A224EB6C7}.Release|Any CPU.Deploy.0 = Release|Any CPU
		{221B489A-534F-4C67-85FF-916A224EB6C7}.Release|ARM.ActiveCfg = Release|Any CPU
		{221B489A-534F-4C67-85FF-916A224EB6C7}.Release|ARM.Build.0 = Release|Any CPU
		{221B489A-534F-4C67-85FF-916A224EB6C7}.Release|ARM.Deploy.0 = Release|Any CPU
		{221B489A-534F-4C67-85FF-916A224EB6C7}.Release|ARM64.ActiveCfg = Release|Any CPU
		{221B489A-534F-4C67-85FF-916A224EB6C7}.Release|ARM64.Build.0 = Release|Any CPU
		{221B489A-534F-4C67-85FF-916A224EB6C7}.Release|ARM64.Deploy.0 = Release|Any CPU
		{221B489A-534F-4C67-85FF-916A224EB6C7}.Release|iPhone.ActiveCfg = Release|Any CPU
		{221B489A-534F-4C67-85FF-916A224EB6C7}.Release|iPhone.Build.0 = Release|Any CPU
		{221B489A-534F-4C67-85FF-916A224EB6C7}.Release|iPhone.Deploy.0 = Release|Any CPU
		{221B489A-534F-4C67-85FF-916A224EB6C7}.Release|iPhoneSimulator.ActiveCfg = Release|Any CPU
		{221B489A-534F-4C67-85FF-916A224EB6C7}.Release|iPhoneSimulator.Build.0 = Release|Any CPU
		{221B489A-534F-4C67-85FF-916A224EB6C7}.Release|iPhoneSimulator.Deploy.0 = Release|Any CPU
		{221B489A-534F-4C67-85FF-916A224EB6C7}.Release|x64.ActiveCfg = Release|Any CPU
		{221B489A-534F-4C67-85FF-916A224EB6C7}.Release|x64.Build.0 = Release|Any CPU
		{221B489A-534F-4C67-85FF-916A224EB6C7}.Release|x64.Deploy.0 = Release|Any CPU
		{221B489A-534F-4C67-85FF-916A224EB6C7}.Release|x86.ActiveCfg = Release|Any CPU
		{221B489A-534F-4C67-85FF-916A224EB6C7}.Release|x86.Build.0 = Release|Any CPU
		{221B489A-534F-4C67-85FF-916A224EB6C7}.Release|x86.Deploy.0 = Release|Any CPU
		{77F14AD6-7947-4FF1-B8D6-B040DB9DD7C5}.Debug|Any CPU.ActiveCfg = Debug|iPhone
		{77F14AD6-7947-4FF1-B8D6-B040DB9DD7C5}.Debug|Any CPU.Build.0 = Debug|iPhone
		{77F14AD6-7947-4FF1-B8D6-B040DB9DD7C5}.Debug|Any CPU.Deploy.0 = Debug|iPhone
		{77F14AD6-7947-4FF1-B8D6-B040DB9DD7C5}.Debug|ARM.ActiveCfg = Debug|iPhone
		{77F14AD6-7947-4FF1-B8D6-B040DB9DD7C5}.Debug|ARM64.ActiveCfg = Debug|iPhone
		{77F14AD6-7947-4FF1-B8D6-B040DB9DD7C5}.Debug|iPhone.ActiveCfg = Debug|iPhone
		{77F14AD6-7947-4FF1-B8D6-B040DB9DD7C5}.Debug|iPhone.Build.0 = Debug|iPhone
		{77F14AD6-7947-4FF1-B8D6-B040DB9DD7C5}.Debug|iPhoneSimulator.ActiveCfg = Debug|iPhoneSimulator
		{77F14AD6-7947-4FF1-B8D6-B040DB9DD7C5}.Debug|iPhoneSimulator.Build.0 = Debug|iPhoneSimulator
		{77F14AD6-7947-4FF1-B8D6-B040DB9DD7C5}.Debug|x64.ActiveCfg = Debug|iPhone
		{77F14AD6-7947-4FF1-B8D6-B040DB9DD7C5}.Debug|x64.Build.0 = Debug|iPhone
		{77F14AD6-7947-4FF1-B8D6-B040DB9DD7C5}.Debug|x64.Deploy.0 = Debug|iPhone
		{77F14AD6-7947-4FF1-B8D6-B040DB9DD7C5}.Debug|x86.ActiveCfg = Debug|iPhoneSimulator
		{77F14AD6-7947-4FF1-B8D6-B040DB9DD7C5}.Debug|x86.Build.0 = Debug|iPhoneSimulator
		{77F14AD6-7947-4FF1-B8D6-B040DB9DD7C5}.Debug|x86.Deploy.0 = Debug|iPhoneSimulator
		{77F14AD6-7947-4FF1-B8D6-B040DB9DD7C5}.Release|Any CPU.ActiveCfg = Release|iPhone
		{77F14AD6-7947-4FF1-B8D6-B040DB9DD7C5}.Release|ARM.ActiveCfg = Release|iPhone
		{77F14AD6-7947-4FF1-B8D6-B040DB9DD7C5}.Release|ARM64.ActiveCfg = Release|iPhone
		{77F14AD6-7947-4FF1-B8D6-B040DB9DD7C5}.Release|iPhone.ActiveCfg = Release|iPhone
		{77F14AD6-7947-4FF1-B8D6-B040DB9DD7C5}.Release|iPhone.Build.0 = Release|iPhone
		{77F14AD6-7947-4FF1-B8D6-B040DB9DD7C5}.Release|iPhoneSimulator.ActiveCfg = Release|iPhoneSimulator
		{77F14AD6-7947-4FF1-B8D6-B040DB9DD7C5}.Release|iPhoneSimulator.Build.0 = Release|iPhoneSimulator
		{77F14AD6-7947-4FF1-B8D6-B040DB9DD7C5}.Release|x64.ActiveCfg = Release|iPhoneSimulator
		{77F14AD6-7947-4FF1-B8D6-B040DB9DD7C5}.Release|x64.Build.0 = Release|iPhoneSimulator
		{77F14AD6-7947-4FF1-B8D6-B040DB9DD7C5}.Release|x64.Deploy.0 = Release|iPhoneSimulator
		{77F14AD6-7947-4FF1-B8D6-B040DB9DD7C5}.Release|x86.ActiveCfg = Release|iPhoneSimulator
		{77F14AD6-7947-4FF1-B8D6-B040DB9DD7C5}.Release|x86.Build.0 = Release|iPhoneSimulator
		{F4624356-6102-40E9-839F-CA061EF7A602}.Debug|Any CPU.ActiveCfg = Debug|x86
		{F4624356-6102-40E9-839F-CA061EF7A602}.Debug|Any CPU.Build.0 = Debug|x86
		{F4624356-6102-40E9-839F-CA061EF7A602}.Debug|Any CPU.Deploy.0 = Debug|x86
		{F4624356-6102-40E9-839F-CA061EF7A602}.Debug|ARM.ActiveCfg = Debug|ARM
		{F4624356-6102-40E9-839F-CA061EF7A602}.Debug|ARM.Build.0 = Debug|ARM
		{F4624356-6102-40E9-839F-CA061EF7A602}.Debug|ARM.Deploy.0 = Debug|ARM
		{F4624356-6102-40E9-839F-CA061EF7A602}.Debug|ARM64.ActiveCfg = Debug|ARM64
		{F4624356-6102-40E9-839F-CA061EF7A602}.Debug|ARM64.Build.0 = Debug|ARM64
		{F4624356-6102-40E9-839F-CA061EF7A602}.Debug|ARM64.Deploy.0 = Debug|ARM64
		{F4624356-6102-40E9-839F-CA061EF7A602}.Debug|iPhone.ActiveCfg = Debug|x86
		{F4624356-6102-40E9-839F-CA061EF7A602}.Debug|iPhone.Build.0 = Debug|x86
		{F4624356-6102-40E9-839F-CA061EF7A602}.Debug|iPhone.Deploy.0 = Debug|x86
		{F4624356-6102-40E9-839F-CA061EF7A602}.Debug|iPhoneSimulator.ActiveCfg = Debug|x86
		{F4624356-6102-40E9-839F-CA061EF7A602}.Debug|iPhoneSimulator.Build.0 = Debug|x86
		{F4624356-6102-40E9-839F-CA061EF7A602}.Debug|iPhoneSimulator.Deploy.0 = Debug|x86
		{F4624356-6102-40E9-839F-CA061EF7A602}.Debug|x64.ActiveCfg = Debug|x64
		{F4624356-6102-40E9-839F-CA061EF7A602}.Debug|x64.Build.0 = Debug|x64
		{F4624356-6102-40E9-839F-CA061EF7A602}.Debug|x64.Deploy.0 = Debug|x64
		{F4624356-6102-40E9-839F-CA061EF7A602}.Debug|x86.ActiveCfg = Debug|x86
		{F4624356-6102-40E9-839F-CA061EF7A602}.Debug|x86.Build.0 = Debug|x86
		{F4624356-6102-40E9-839F-CA061EF7A602}.Debug|x86.Deploy.0 = Debug|x86
		{F4624356-6102-40E9-839F-CA061EF7A602}.Release|Any CPU.ActiveCfg = Release|x86
		{F4624356-6102-40E9-839F-CA061EF7A602}.Release|ARM.ActiveCfg = Release|ARM
		{F4624356-6102-40E9-839F-CA061EF7A602}.Release|ARM.Build.0 = Release|ARM
		{F4624356-6102-40E9-839F-CA061EF7A602}.Release|ARM.Deploy.0 = Release|ARM
		{F4624356-6102-40E9-839F-CA061EF7A602}.Release|ARM64.ActiveCfg = Release|ARM64
		{F4624356-6102-40E9-839F-CA061EF7A602}.Release|ARM64.Build.0 = Release|ARM64
		{F4624356-6102-40E9-839F-CA061EF7A602}.Release|ARM64.Deploy.0 = Release|ARM64
		{F4624356-6102-40E9-839F-CA061EF7A602}.Release|iPhone.ActiveCfg = Release|x86
		{F4624356-6102-40E9-839F-CA061EF7A602}.Release|iPhone.Build.0 = Release|x86
		{F4624356-6102-40E9-839F-CA061EF7A602}.Release|iPhoneSimulator.ActiveCfg = Release|x86
		{F4624356-6102-40E9-839F-CA061EF7A602}.Release|iPhoneSimulator.Build.0 = Release|x86
		{F4624356-6102-40E9-839F-CA061EF7A602}.Release|iPhoneSimulator.Deploy.0 = Release|x86
		{F4624356-6102-40E9-839F-CA061EF7A602}.Release|x64.ActiveCfg = Release|x64
		{F4624356-6102-40E9-839F-CA061EF7A602}.Release|x64.Build.0 = Release|x64
		{F4624356-6102-40E9-839F-CA061EF7A602}.Release|x64.Deploy.0 = Release|x64
		{F4624356-6102-40E9-839F-CA061EF7A602}.Release|x86.ActiveCfg = Release|x86
		{F4624356-6102-40E9-839F-CA061EF7A602}.Release|x86.Build.0 = Release|x86
		{F4624356-6102-40E9-839F-CA061EF7A602}.Release|x86.Deploy.0 = Release|x86
		{40EA03F7-8A22-4143-B251-79BAC3EB13D2}.Debug|Any CPU.ActiveCfg = Debug|Any CPU
		{40EA03F7-8A22-4143-B251-79BAC3EB13D2}.Debug|Any CPU.Build.0 = Debug|Any CPU
		{40EA03F7-8A22-4143-B251-79BAC3EB13D2}.Debug|ARM.ActiveCfg = Debug|Any CPU
		{40EA03F7-8A22-4143-B251-79BAC3EB13D2}.Debug|ARM.Build.0 = Debug|Any CPU
		{40EA03F7-8A22-4143-B251-79BAC3EB13D2}.Debug|ARM64.ActiveCfg = Debug|Any CPU
		{40EA03F7-8A22-4143-B251-79BAC3EB13D2}.Debug|ARM64.Build.0 = Debug|Any CPU
		{40EA03F7-8A22-4143-B251-79BAC3EB13D2}.Debug|iPhone.ActiveCfg = Debug|Any CPU
		{40EA03F7-8A22-4143-B251-79BAC3EB13D2}.Debug|iPhone.Build.0 = Debug|Any CPU
		{40EA03F7-8A22-4143-B251-79BAC3EB13D2}.Debug|iPhoneSimulator.ActiveCfg = Debug|Any CPU
		{40EA03F7-8A22-4143-B251-79BAC3EB13D2}.Debug|iPhoneSimulator.Build.0 = Debug|Any CPU
		{40EA03F7-8A22-4143-B251-79BAC3EB13D2}.Debug|x64.ActiveCfg = Debug|Any CPU
		{40EA03F7-8A22-4143-B251-79BAC3EB13D2}.Debug|x64.Build.0 = Debug|Any CPU
		{40EA03F7-8A22-4143-B251-79BAC3EB13D2}.Debug|x86.ActiveCfg = Debug|Any CPU
		{40EA03F7-8A22-4143-B251-79BAC3EB13D2}.Debug|x86.Build.0 = Debug|Any CPU
		{40EA03F7-8A22-4143-B251-79BAC3EB13D2}.Release|Any CPU.ActiveCfg = Release|Any CPU
		{40EA03F7-8A22-4143-B251-79BAC3EB13D2}.Release|Any CPU.Build.0 = Release|Any CPU
		{40EA03F7-8A22-4143-B251-79BAC3EB13D2}.Release|ARM.ActiveCfg = Release|Any CPU
		{40EA03F7-8A22-4143-B251-79BAC3EB13D2}.Release|ARM.Build.0 = Release|Any CPU
		{40EA03F7-8A22-4143-B251-79BAC3EB13D2}.Release|ARM64.ActiveCfg = Release|Any CPU
		{40EA03F7-8A22-4143-B251-79BAC3EB13D2}.Release|ARM64.Build.0 = Release|Any CPU
		{40EA03F7-8A22-4143-B251-79BAC3EB13D2}.Release|iPhone.ActiveCfg = Release|Any CPU
		{40EA03F7-8A22-4143-B251-79BAC3EB13D2}.Release|iPhone.Build.0 = Release|Any CPU
		{40EA03F7-8A22-4143-B251-79BAC3EB13D2}.Release|iPhoneSimulator.ActiveCfg = Release|Any CPU
		{40EA03F7-8A22-4143-B251-79BAC3EB13D2}.Release|iPhoneSimulator.Build.0 = Release|Any CPU
		{40EA03F7-8A22-4143-B251-79BAC3EB13D2}.Release|x64.ActiveCfg = Release|Any CPU
		{40EA03F7-8A22-4143-B251-79BAC3EB13D2}.Release|x64.Build.0 = Release|Any CPU
		{40EA03F7-8A22-4143-B251-79BAC3EB13D2}.Release|x86.ActiveCfg = Release|Any CPU
		{40EA03F7-8A22-4143-B251-79BAC3EB13D2}.Release|x86.Build.0 = Release|Any CPU
		{469442F1-0044-4023-8269-82C5A4EBB61A}.Debug|Any CPU.ActiveCfg = Debug|iPhoneSimulator
		{469442F1-0044-4023-8269-82C5A4EBB61A}.Debug|Any CPU.Build.0 = Debug|iPhoneSimulator
		{469442F1-0044-4023-8269-82C5A4EBB61A}.Debug|ARM.ActiveCfg = Debug|iPhoneSimulator
		{469442F1-0044-4023-8269-82C5A4EBB61A}.Debug|ARM64.ActiveCfg = Debug|iPhoneSimulator
		{469442F1-0044-4023-8269-82C5A4EBB61A}.Debug|iPhone.ActiveCfg = Debug|iPhoneSimulator
		{469442F1-0044-4023-8269-82C5A4EBB61A}.Debug|iPhone.Build.0 = Debug|iPhoneSimulator
		{469442F1-0044-4023-8269-82C5A4EBB61A}.Debug|iPhoneSimulator.ActiveCfg = Debug|iPhoneSimulator
		{469442F1-0044-4023-8269-82C5A4EBB61A}.Debug|iPhoneSimulator.Build.0 = Debug|iPhoneSimulator
		{469442F1-0044-4023-8269-82C5A4EBB61A}.Debug|x64.ActiveCfg = Debug|iPhoneSimulator
		{469442F1-0044-4023-8269-82C5A4EBB61A}.Debug|x64.Build.0 = Debug|iPhoneSimulator
		{469442F1-0044-4023-8269-82C5A4EBB61A}.Debug|x86.ActiveCfg = Debug|iPhoneSimulator
		{469442F1-0044-4023-8269-82C5A4EBB61A}.Debug|x86.Build.0 = Debug|iPhoneSimulator
		{469442F1-0044-4023-8269-82C5A4EBB61A}.Release|Any CPU.ActiveCfg = Release|iPhoneSimulator
		{469442F1-0044-4023-8269-82C5A4EBB61A}.Release|ARM.ActiveCfg = Release|iPhoneSimulator
		{469442F1-0044-4023-8269-82C5A4EBB61A}.Release|ARM64.ActiveCfg = Release|iPhoneSimulator
		{469442F1-0044-4023-8269-82C5A4EBB61A}.Release|iPhone.ActiveCfg = Release|iPhoneSimulator
		{469442F1-0044-4023-8269-82C5A4EBB61A}.Release|iPhone.Build.0 = Release|iPhoneSimulator
		{469442F1-0044-4023-8269-82C5A4EBB61A}.Release|iPhoneSimulator.ActiveCfg = Release|iPhoneSimulator
		{469442F1-0044-4023-8269-82C5A4EBB61A}.Release|iPhoneSimulator.Build.0 = Release|iPhoneSimulator
		{469442F1-0044-4023-8269-82C5A4EBB61A}.Release|x64.ActiveCfg = Release|iPhoneSimulator
		{469442F1-0044-4023-8269-82C5A4EBB61A}.Release|x64.Build.0 = Release|iPhoneSimulator
		{469442F1-0044-4023-8269-82C5A4EBB61A}.Release|x86.ActiveCfg = Release|iPhoneSimulator
		{469442F1-0044-4023-8269-82C5A4EBB61A}.Release|x86.Build.0 = Release|iPhoneSimulator
		{7983D152-3CEC-47FF-A806-AC4502898C9A}.Debug|Any CPU.ActiveCfg = Debug|Any CPU
		{7983D152-3CEC-47FF-A806-AC4502898C9A}.Debug|Any CPU.Build.0 = Debug|Any CPU
		{7983D152-3CEC-47FF-A806-AC4502898C9A}.Debug|ARM.ActiveCfg = Debug|Any CPU
		{7983D152-3CEC-47FF-A806-AC4502898C9A}.Debug|ARM.Build.0 = Debug|Any CPU
		{7983D152-3CEC-47FF-A806-AC4502898C9A}.Debug|ARM64.ActiveCfg = Debug|Any CPU
		{7983D152-3CEC-47FF-A806-AC4502898C9A}.Debug|ARM64.Build.0 = Debug|Any CPU
		{7983D152-3CEC-47FF-A806-AC4502898C9A}.Debug|iPhone.ActiveCfg = Debug|Any CPU
		{7983D152-3CEC-47FF-A806-AC4502898C9A}.Debug|iPhone.Build.0 = Debug|Any CPU
		{7983D152-3CEC-47FF-A806-AC4502898C9A}.Debug|iPhoneSimulator.ActiveCfg = Debug|Any CPU
		{7983D152-3CEC-47FF-A806-AC4502898C9A}.Debug|iPhoneSimulator.Build.0 = Debug|Any CPU
		{7983D152-3CEC-47FF-A806-AC4502898C9A}.Debug|x64.ActiveCfg = Debug|Any CPU
		{7983D152-3CEC-47FF-A806-AC4502898C9A}.Debug|x64.Build.0 = Debug|Any CPU
		{7983D152-3CEC-47FF-A806-AC4502898C9A}.Debug|x86.ActiveCfg = Debug|Any CPU
		{7983D152-3CEC-47FF-A806-AC4502898C9A}.Debug|x86.Build.0 = Debug|Any CPU
		{7983D152-3CEC-47FF-A806-AC4502898C9A}.Release|Any CPU.ActiveCfg = Release|Any CPU
		{7983D152-3CEC-47FF-A806-AC4502898C9A}.Release|Any CPU.Build.0 = Release|Any CPU
		{7983D152-3CEC-47FF-A806-AC4502898C9A}.Release|ARM.ActiveCfg = Release|Any CPU
		{7983D152-3CEC-47FF-A806-AC4502898C9A}.Release|ARM.Build.0 = Release|Any CPU
		{7983D152-3CEC-47FF-A806-AC4502898C9A}.Release|ARM64.ActiveCfg = Release|Any CPU
		{7983D152-3CEC-47FF-A806-AC4502898C9A}.Release|ARM64.Build.0 = Release|Any CPU
		{7983D152-3CEC-47FF-A806-AC4502898C9A}.Release|iPhone.ActiveCfg = Release|Any CPU
		{7983D152-3CEC-47FF-A806-AC4502898C9A}.Release|iPhone.Build.0 = Release|Any CPU
		{7983D152-3CEC-47FF-A806-AC4502898C9A}.Release|iPhoneSimulator.ActiveCfg = Release|Any CPU
		{7983D152-3CEC-47FF-A806-AC4502898C9A}.Release|iPhoneSimulator.Build.0 = Release|Any CPU
		{7983D152-3CEC-47FF-A806-AC4502898C9A}.Release|x64.ActiveCfg = Release|Any CPU
		{7983D152-3CEC-47FF-A806-AC4502898C9A}.Release|x64.Build.0 = Release|Any CPU
		{7983D152-3CEC-47FF-A806-AC4502898C9A}.Release|x86.ActiveCfg = Release|Any CPU
		{7983D152-3CEC-47FF-A806-AC4502898C9A}.Release|x86.Build.0 = Release|Any CPU
	EndGlobalSection
	GlobalSection(SolutionProperties) = preSolution
		HideSolutionNode = FALSE
	EndGlobalSection
	GlobalSection(ExtensibilityGlobals) = postSolution
		SolutionGuid = {C7433AE2-B1A0-4C1A-887E-5CAA7AAF67A6}
	EndGlobalSection
EndGlobal
